<?xml version="1.0" encoding="utf-8"?>
<Project ToolsVersion="17.0" xmlns="http://schemas.microsoft.com/developer/msbuild/2003">
  <ItemGroup>
    <ClCompile Include="Y:\Learn\ProjectTotNghiep\Env\extensions\SDFGen\src\SDFGen\SDFGen.cpp">
      <Filter>Source Files\src\SDFGen</Filter>
    </ClCompile>
  </ItemGroup>
  <ItemGroup>
    <ClInclude Include="Y:\Learn\ProjectTotNghiep\Env\extensions\SDFGen\src\SDFGen\SDFGen.h">
      <Filter>Source Files\src\SDFGen</Filter>
    </ClInclude>
  </ItemGroup>
  <ItemGroup>
    <CustomBuild Include="Y:\Learn\ProjectTotNghiep\Env\extensions\SDFGen\CMakeLists.txt" />
  </ItemGroup>
  <ItemGroup>
    <Filter Include="Source Files">
      <UniqueIdentifier>{6E702142-FB65-3D1F-BDF0-BE6F5F8A7424}</UniqueIdentifier>
    </Filter>
    <Filter Include="Source Files\src">
      <UniqueIdentifier>{FE0FE665-6295-3684-97D3-5C29204B0E9F}</UniqueIdentifier>
    </Filter>
    <Filter Include="Source Files\src\SDFGen">
      <UniqueIdentifier>{30D3E4FD-C865-3305-B3B8-C0FCFA653A36}</UniqueIdentifier>
    </Filter>
  </ItemGroup>
</Project>
