<?xml version="1.0" encoding="utf-8"?>
<Project ToolsVersion="17.0" xmlns="http://schemas.microsoft.com/developer/msbuild/2003">
  <ItemGroup>
    <ClCompile Include="Y:\Learn\ProjectTotNghiep\MyGame\Source\ECSCore\ComponentStorage\ComponentStorage.cpp">
      <Filter>Source Files\Source\ECSCore\ComponentStorage</Filter>
    </ClCompile>
    <ClCompile Include="Y:\Learn\ProjectTotNghiep\MyGame\Source\Input\InputListener.cpp">
      <Filter>Source Files\Source\Input</Filter>
    </ClCompile>
    <ClCompile Include="Y:\Learn\ProjectTotNghiep\MyGame\Source\System\AppDelegate.cpp">
      <Filter>Source Files\Source\System</Filter>
    </ClCompile>
    <ClCompile Include="Y:\Learn\ProjectTotNghiep\MyGame\Source\System\MainScene.cpp">
      <Filter>Source Files\Source\System</Filter>
    </ClCompile>
    <ClCompile Include="Y:\Learn\ProjectTotNghiep\MyGame\Source\UI\DrawBigRect.cpp">
      <Filter>Source Files\Source\UI</Filter>
    </ClCompile>
    <ClCompile Include="Y:\Learn\ProjectTotNghiep\MyGame\Source\UI\RectSystem.cpp">
      <Filter>Source Files\Source\UI</Filter>
    </ClCompile>
    <ClCompile Include="..\Source\Utils\GenerateIntent.cpp">
      <Filter>Source Files\Source\Utils</Filter>
    </ClCompile>
    <ClCompile Include="Y:\Learn\ProjectTotNghiep\MyGame\Source\Utils\ResetNode.cpp">
      <Filter>Source Files\Source\Utils</Filter>
    </ClCompile>
    <ClCompile Include="Y:\Learn\ProjectTotNghiep\MyGame\proj.win32\main.cpp">
      <Filter>Source Files\proj.win32</Filter>
    </ClCompile>
    <ClCompile Include="..\Source\System\AIInputSystem.cpp" />
    <ClCompile Include="..\Source\System\VelocityIntentSystem.cpp">
      <Filter>Source Files\Source\System</Filter>
    </ClCompile>
    <ClCompile Include="..\Source\System\JumpStartSystem.cpp">
      <Filter>Source Files\Source\System</Filter>
    </ClCompile>
    <ClCompile Include="..\Source\System\UpdateTrajectoryFromIntent.cpp">
      <Filter>Source Files\Source\System</Filter>
    </ClCompile>
    <ClCompile Include="..\Source\System\PlayerInputSystem.cpp">
      <Filter>Source Files\Source\System</Filter>
    </ClCompile>
    <ClCompile Include="..\Source\System\CharacterStatusSystem.cpp" />
    <ClCompile Include="..\Source\System\LoadStatsData.cpp" />
  </ItemGroup>
  <ItemGroup>
    <ClInclude Include="Y:\Learn\ProjectTotNghiep\MyGame\Source\Config\Match\BigRect.h">
      <Filter>Source Files\Source\Config\Match</Filter>
    </ClInclude>
    <ClInclude Include="Y:\Learn\ProjectTotNghiep\MyGame\Source\Config\Player\OutputAction.h">
      <Filter>Source Files\Source\Config\Player</Filter>
    </ClInclude>
    <ClInclude Include="Y:\Learn\ProjectTotNghiep\MyGame\Source\Config\System\SystemConf.h">
      <Filter>Source Files\Source\Config\System</Filter>
    </ClInclude>
    <ClInclude Include="Y:\Learn\ProjectTotNghiep\MyGame\Source\ECSCore\ComponentPools\ComponentPool.h">
      <Filter>Source Files\Source\ECSCore\ComponentPools</Filter>
    </ClInclude>
    <ClInclude Include="Y:\Learn\ProjectTotNghiep\MyGame\Source\ECSCore\ComponentStorage\ComponentStorage.h">
      <Filter>Source Files\Source\ECSCore\ComponentStorage</Filter>
    </ClInclude>
    <ClInclude Include="Y:\Learn\ProjectTotNghiep\MyGame\Source\ECSCore\Components\PositionComponent.h">
      <Filter>Source Files\Source\ECSCore\Components</Filter>
    </ClInclude>
    <ClInclude Include="Y:\Learn\ProjectTotNghiep\MyGame\Source\ECSCore\Components\SizeComponent.h">
      <Filter>Source Files\Source\ECSCore\Components</Filter>
    </ClInclude>
    <ClInclude Include="Y:\Learn\ProjectTotNghiep\MyGame\Source\Input\InputListener.h">
      <Filter>Source Files\Source\Input</Filter>
    </ClInclude>
    <ClInclude Include="Y:\Learn\ProjectTotNghiep\MyGame\Source\System\AppDelegate.h">
      <Filter>Source Files\Source\System</Filter>
    </ClInclude>
    <ClInclude Include="Y:\Learn\ProjectTotNghiep\MyGame\Source\System\MainScene.h">
      <Filter>Source Files\Source\System</Filter>
    </ClInclude>
    <ClInclude Include="Y:\Learn\ProjectTotNghiep\MyGame\Source\Tools\DrawRect.h">
      <Filter>Source Files\Source\Tools</Filter>
    </ClInclude>
    <ClInclude Include="Y:\Learn\ProjectTotNghiep\MyGame\Source\UI\DrawBigRect.h">
      <Filter>Source Files\Source\UI</Filter>
    </ClInclude>
    <ClInclude Include="Y:\Learn\ProjectTotNghiep\MyGame\Source\UI\RectSystem.h">
      <Filter>Source Files\Source\UI</Filter>
    </ClInclude>
    <ClInclude Include="Y:\Learn\ProjectTotNghiep\MyGame\Source\Utils\Draw8Rect.h">
      <Filter>Source Files\Source\Utils</Filter>
    </ClInclude>
    <ClInclude Include="Y:\Learn\ProjectTotNghiep\MyGame\Source\Utils\GetData.h">
      <Filter>Source Files\Source\Utils</Filter>
    </ClInclude>
    <ClInclude Include="Y:\Learn\ProjectTotNghiep\MyGame\Source\Utils\ObjectData.h">
      <Filter>Source Files\Source\Utils</Filter>
    </ClInclude>
    <ClInclude Include="..\Source\Utils\GenerateIntent.h">
      <Filter>Source Files\Source\Utils</Filter>
    </ClInclude>
    <ClInclude Include="Y:\Learn\ProjectTotNghiep\MyGame\Source\Utils\ResetNode.h">
      <Filter>Source Files\Source\Utils</Filter>
    </ClInclude>
    <ClInclude Include="Y:\Learn\ProjectTotNghiep\MyGame\proj.win32\main.h">
      <Filter>Source Files\proj.win32</Filter>
    </ClInclude>
    <ClInclude Include="Y:\Learn\ProjectTotNghiep\MyGame\proj.win32\resource.h">
      <Filter>Source Files\proj.win32</Filter>
    </ClInclude>
    <ClInclude Include="Y:\Learn\ProjectTotNghiep\MyGame\Content\CloseNormal.png">
      <Filter>Content</Filter>
    </ClInclude>
    <ClInclude Include="Y:\Learn\ProjectTotNghiep\MyGame\Content\CloseSelected.png">
      <Filter>Content</Filter>
    </ClInclude>
    <ClInclude Include="Y:\Learn\ProjectTotNghiep\MyGame\Content\HelloWorld.png">
      <Filter>Content</Filter>
    </ClInclude>
    <ClInclude Include="Y:\Learn\ProjectTotNghiep\MyGame\Content\fonts\Marker Felt.ttf">
      <Filter>Content\fonts</Filter>
    </ClInclude>
    <ClInclude Include="Y:\Learn\ProjectTotNghiep\MyGame\Content\fonts\arial.ttf">
      <Filter>Content\fonts</Filter>
    </ClInclude>
    <ClInclude Include="Y:\Learn\ProjectTotNghiep\MyGame\Content\res\.gitkeep">
      <Filter>Content\res</Filter>
    </ClInclude>
    <ClInclude Include="..\Source\Utils\AABB.h">
      <Filter>Source Files\Source\Utils</Filter>
    </ClInclude>
    <ClInclude Include="..\Source\ECSCore\IntentComponents\CharacterIntent.h">
      <Filter>Source Files\Source\ECSCore\IntentComponents</Filter>
    </ClInclude>
    <ClInclude Include="..\Source\ECSCore\IntentStorage\IntentStorage.h">
      <Filter>Source Files\Source\ECSCore\IntentStorage</Filter>
    </ClInclude>
    <ClInclude Include="..\Source\Config\Match\MatchEntityConfig.h">
      <Filter>Source Files\Source\Config\Match</Filter>
    </ClInclude>
    <ClInclude Include="..\Source\System\AIInputSystem.h" />
    <ClInclude Include="..\Source\ECSCore\Components\BallTrajectoryComponent.h">
      <Filter>Source Files\Source\ECSCore\Components</Filter>
    </ClInclude>
    <ClInclude Include="..\Source\ECSCore\Components\HorizontalSpeedComponent.h">
      <Filter>Source Files\Source\ECSCore\Components</Filter>
    </ClInclude>
    <ClInclude Include="..\Source\Config\Match\TrajectoryConfig.h">
      <Filter>Source Files\Source\Config\Match</Filter>
    </ClInclude>
    <ClInclude Include="..\Source\Config\Match\TrajectoryData.h">
      <Filter>Source Files\Source\Config\Match</Filter>
    </ClInclude>
    <ClInclude Include="..\Source\ECSCore\IntentComponents\BallIntent.h">
      <Filter>Source Files\Source\ECSCore\IntentComponents</Filter>
    </ClInclude>
    <ClInclude Include="..\Source\Utils\ApplyIntentToComponent.h">
      <Filter>Source Files\Source\Utils</Filter>
    </ClInclude>
    <ClInclude Include="..\Source\System\VelocityIntentSystem.h">
      <Filter>Source Files\Source\System</Filter>
    </ClInclude>
    <ClInclude Include="..\Source\ECSCore\IntentComponents\VelocityIntent.h">
      <Filter>Source Files\Source\ECSCore\Components</Filter>
    </ClInclude>
    <ClInclude Include="..\Source\ECSCore\Components\JumpUpFrameComponent.h">
      <Filter>Source Files\Source\ECSCore\Components</Filter>
    </ClInclude>
    <ClInclude Include="..\Source\System\JumpStartSystem.h">
      <Filter>Source Files\Source\System</Filter>
    </ClInclude>
    <ClInclude Include="..\Source\System\UpdateTrajectoryFromIntent.h">
      <Filter>Source Files\Source\System</Filter>
    </ClInclude>
    <ClInclude Include="..\Source\System\TrajectoryTestData.h">
      <Filter>Source Files\Source\System</Filter>
    </ClInclude>
    <ClInclude Include="..\Source\System\TrajectoryTestConfig.h">
      <Filter>Source Files\Source\System</Filter>
    </ClInclude>
    <ClInclude Include="..\Source\Gameplay\FinalIntent.h">
      <Filter>Source Files\Source\Gameplay</Filter>
    </ClInclude>
    <ClInclude Include="..\Source\ECSCore\Components\CharacterStatus.h">
      <Filter>Source Files\Source\ECSCore\Components</Filter>
    </ClInclude>
    <ClInclude Include="..\Source\System\PlayerInputSystem.h">
      <Filter>Source Files\Source\System</Filter>
    </ClInclude>
    <ClInclude Include="CharacterStatusSystem.h" />
    <ClInclude Include="..\Source\ECSCore\Components\BallGamePlayComponent.h">
      <Filter>Source Files\Source\ECSCore\Components</Filter>
    </ClInclude>
    <ClInclude Include="..\Source\Gameplay\MatchData\CharacterStats.h">
      <Filter>Source Files\Source\Gameplay\MatchData</Filter>
    </ClInclude>
    <ClInclude Include="..\Source\Gameplay\MatchData\CharacterStatStorage.h">
      <Filter>Source Files\Source\Gameplay\MatchData</Filter>
    </ClInclude>
    <ClInclude Include="..\Source\System\LoadStatsData.h" />
    <ClInclude Include="..\Source\Config\ECS\ChunkConfig.h">
      <Filter>Source Files\Source\Config\ECS</Filter>
    </ClInclude>
    <ClInclude Include="..\Source\Config\Match\MatchObjectConfig.h">
      <Filter>Source Files\Source\Config\Match</Filter>
    </ClInclude>
  </ItemGroup>
  <ItemGroup>
    <CustomBuild Include="Y:\Learn\ProjectTotNghiep\MyGame\CMakeLists.txt" />
  </ItemGroup>
  <ItemGroup>
    <ResourceCompile Include="Y:\Learn\ProjectTotNghiep\MyGame\proj.win32\game.rc">
      <Filter>Source Files\proj.win32</Filter>
    </ResourceCompile>
  </ItemGroup>
  <ItemGroup>
    <Filter Include="Content">
      <UniqueIdentifier>{6A5E24E6-800F-3DF9-AD2E-2DF5E92928B5}</UniqueIdentifier>
    </Filter>
    <Filter Include="Content\fonts">
      <UniqueIdentifier>{A6258BA7-61E6-38E5-8E3D-21CA36BF4DC5}</UniqueIdentifier>
    </Filter>
    <Filter Include="Content\res">
      <UniqueIdentifier>{14F6F87E-3CC1-3473-B3FB-D7233F700517}</UniqueIdentifier>
    </Filter>
    <Filter Include="Source Files">
      <UniqueIdentifier>{6E702142-FB65-3D1F-BDF0-BE6F5F8A7424}</UniqueIdentifier>
    </Filter>
    <Filter Include="Source Files\Source">
      <UniqueIdentifier>{ED931325-1932-3C47-9239-5AB8BC246B70}</UniqueIdentifier>
    </Filter>
    <Filter Include="Source Files\Source\Config">
      <UniqueIdentifier>{36B263E4-8A28-38B1-B16A-2137C7CFB44E}</UniqueIdentifier>
    </Filter>
    <Filter Include="Source Files\Source\Config\Match">
      <UniqueIdentifier>{8811EA71-90BE-373A-942A-BA40C416E698}</UniqueIdentifier>
    </Filter>
    <Filter Include="Source Files\Source\Config\Player">
      <UniqueIdentifier>{735E0281-4070-3878-98E2-78C25C2B4060}</UniqueIdentifier>
    </Filter>
    <Filter Include="Source Files\Source\Config\System">
      <UniqueIdentifier>{76B5556A-4DDA-3CBC-8B6F-B1F79F508F5F}</UniqueIdentifier>
    </Filter>
    <Filter Include="Source Files\Source\ECSCore">
      <UniqueIdentifier>{8DCAAC55-7ECC-34E0-B6F4-3D6C0B630F03}</UniqueIdentifier>
    </Filter>
    <Filter Include="Source Files\Source\ECSCore\ComponentPools">
      <UniqueIdentifier>{E5396804-4CEC-323A-9BA4-DE3578CF8488}</UniqueIdentifier>
    </Filter>
    <Filter Include="Source Files\Source\ECSCore\ComponentStorage">
      <UniqueIdentifier>{CDA46C40-25BF-3F71-AFCD-758A85B6C913}</UniqueIdentifier>
    </Filter>
    <Filter Include="Source Files\Source\ECSCore\Components">
      <UniqueIdentifier>{E04D1999-FCD5-30DC-8CF8-5E5D0CE74539}</UniqueIdentifier>
    </Filter>
    <Filter Include="Source Files\Source\Input">
      <UniqueIdentifier>{71CDD8BE-E33C-33FC-B3F0-8062559C01EE}</UniqueIdentifier>
    </Filter>
    <Filter Include="Source Files\Source\System">
      <UniqueIdentifier>{BB050CD9-C8A0-3A5E-A43E-7F56BA80209F}</UniqueIdentifier>
    </Filter>
    <Filter Include="Source Files\Source\Tools">
      <UniqueIdentifier>{D04A28BA-737C-3CF1-8064-2C418F0EBBF1}</UniqueIdentifier>
    </Filter>
    <Filter Include="Source Files\Source\UI">
      <UniqueIdentifier>{1C39E332-E2FF-3A40-AA94-FF369718D89C}</UniqueIdentifier>
    </Filter>
    <Filter Include="Source Files\Source\Utils">
      <UniqueIdentifier>{8CFEE266-E7C8-3109-93A6-695F9028FF7A}</UniqueIdentifier>
    </Filter>
    <Filter Include="Source Files\proj.win32">
      <UniqueIdentifier>{A351B2C5-FA7F-309C-AEE4-06F08D3FD830}</UniqueIdentifier>
    </Filter>
    <Filter Include="Source Files\Source\ECSCore\IntentComponents">
      <UniqueIdentifier>{0590c59d-5d7c-473f-96aa-d4fdf52d4a14}</UniqueIdentifier>
    </Filter>
    <Filter Include="Source Files\Source\ECSCore\IntentStorage">
      <UniqueIdentifier>{9918bd5e-61b3-43ab-a4ec-e5f54714dc86}</UniqueIdentifier>
    </Filter>
    <Filter Include="Source Files\Source\Gameplay">
      <UniqueIdentifier>{b4170c31-03ca-44d3-8254-1562542bdec2}</UniqueIdentifier>
    </Filter>
    <Filter Include="Source Files\Source\Gameplay\MatchData">
      <UniqueIdentifier>{d2c00b6f-77c2-410d-b0b7-4dcdf7627a5f}</UniqueIdentifier>
    </Filter>
    <Filter Include="Source Files\Source\Config\ECS">
      <UniqueIdentifier>{6a819ed4-3fb1-4e54-b427-a246c950bb42}</UniqueIdentifier>
    </Filter>
  </ItemGroup>
  <ItemGroup>
    <None Include="..\Source\Data\CharacterStats.json">
      <Filter>Source Files\Source</Filter>
    </None>
  </ItemGroup>
</Project>